
Microsoft Visual Studio Solution File, Format Version 12.00
# Visual Studio Version 17
VisualStudioVersion = 17.5.2.0
MinimumVisualStudioVersion = 10.0.40219.1
Project("{FAE04EC0-301F-11D3-BF4B-00C04F79EFBC}") = "Estoque", "Estoque\Estoque.csproj", "{F3D59A75-4991-E933-B7C4-89C4A7B64AB1}"
EndProject
Project("{FAE04EC0-301F-11D3-BF4B-00C04F79EFBC}") = "Vendas", "Vendas\Vendas.csproj", "{4FADE614-131D-B7F8-E8CA-C3C5E8CD72F6}"
EndProject
Project("{FAE04EC0-301F-11D3-BF4B-00C04F79EFBC}") = "ApiGateway", "ApiGateway\ApiGateway.csproj", "{C6222596-853B-4EA2-9D9C-EED42BC061A1}"
EndProject
Project("{FAE04EC0-301F-11D3-BF4B-00C04F79EFBC}") = "MensagensCompartilhadas", "MensagensCompartilhadas\MensagensCompartilhadas.csproj", "{C36C02CC-B119-4C50-AE52-A7F1FC8D3D82}"
EndProject
Project("{FAE04EC0-301F-11D3-BF4B-00C04F79EFBC}") = "AuthService", "AuthService\AuthService.csproj", "{B5E053E8-9676-470A-9D6C-1E0BB5095A02}"
EndProject
Project("{2150E333-8FDC-42A3-9474-1A3956D46DE8}") = "Testes", "Testes", "{D98D8C46-FF85-5DDC-A1CF-E2FF99E466E3}"
EndProject
Project("{FAE04EC0-301F-11D3-BF4B-00C04F79EFBC}") = "AuthServiceTest", "Testes\AuthServiceTest\AuthServiceTest.csproj", "{319B9D46-1770-47D7-B82D-DBAE1854A44F}"
EndProject
Project("{FAE04EC0-301F-11D3-BF4B-00C04F79EFBC}") = "EstoqueTest", "Testes\EstoqueTest\EstoqueTest.csproj", "{77449860-8426-4ECD-B438-F3583884235F}"
EndProject
Project("{FAE04EC0-301F-11D3-BF4B-00C04F79EFBC}") = "VendasTest", "Testes\VendasTest\VendasTest.csproj", "{706F3DA5-07B1-46C5-87DF-DDD369D1BD74}"
EndProject
Project("{FAE04EC0-301F-11D3-BF4B-00C04F79EFBC}") = "LoggingShared", "LoggingShared\LoggingShared.csproj", "{7F687B01-F02F-49F1-BECA-A56E8A5BC9C9}"
EndProject
Global
	GlobalSection(SolutionConfigurationPlatforms) = preSolution
		Debug|Any CPU = Debug|Any CPU
		Debug|x64 = Debug|x64
		Debug|x86 = Debug|x86
		Release|Any CPU = Release|Any CPU
		Release|x64 = Release|x64
		Release|x86 = Release|x86
	EndGlobalSection
	GlobalSection(ProjectConfigurationPlatforms) = postSolution
		{F3D59A75-4991-E933-B7C4-89C4A7B64AB1}.Debug|Any CPU.ActiveCfg = Debug|Any CPU
		{F3D59A75-4991-E933-B7C4-89C4A7B64AB1}.Debug|Any CPU.Build.0 = Debug|Any CPU
		{F3D59A75-4991-E933-B7C4-89C4A7B64AB1}.Debug|x64.ActiveCfg = Debug|Any CPU
		{F3D59A75-4991-E933-B7C4-89C4A7B64AB1}.Debug|x64.Build.0 = Debug|Any CPU
		{F3D59A75-4991-E933-B7C4-89C4A7B64AB1}.Debug|x86.ActiveCfg = Debug|Any CPU
		{F3D59A75-4991-E933-B7C4-89C4A7B64AB1}.Debug|x86.Build.0 = Debug|Any CPU
		{F3D59A75-4991-E933-B7C4-89C4A7B64AB1}.Release|Any CPU.ActiveCfg = Release|Any CPU
		{F3D59A75-4991-E933-B7C4-89C4A7B64AB1}.Release|Any CPU.Build.0 = Release|Any CPU
		{F3D59A75-4991-E933-B7C4-89C4A7B64AB1}.Release|x64.ActiveCfg = Release|Any CPU
		{F3D59A75-4991-E933-B7C4-89C4A7B64AB1}.Release|x64.Build.0 = Release|Any CPU
		{F3D59A75-4991-E933-B7C4-89C4A7B64AB1}.Release|x86.ActiveCfg = Release|Any CPU
		{F3D59A75-4991-E933-B7C4-89C4A7B64AB1}.Release|x86.Build.0 = Release|Any CPU
		{4FADE614-131D-B7F8-E8CA-C3C5E8CD72F6}.Debug|Any CPU.ActiveCfg = Debug|Any CPU
		{4FADE614-131D-B7F8-E8CA-C3C5E8CD72F6}.Debug|Any CPU.Build.0 = Debug|Any CPU
		{4FADE614-131D-B7F8-E8CA-C3C5E8CD72F6}.Debug|x64.ActiveCfg = Debug|Any CPU
		{4FADE614-131D-B7F8-E8CA-C3C5E8CD72F6}.Debug|x64.Build.0 = Debug|Any CPU
		{4FADE614-131D-B7F8-E8CA-C3C5E8CD72F6}.Debug|x86.ActiveCfg = Debug|Any CPU
		{4FADE614-131D-B7F8-E8CA-C3C5E8CD72F6}.Debug|x86.Build.0 = Debug|Any CPU
		{4FADE614-131D-B7F8-E8CA-C3C5E8CD72F6}.Release|Any CPU.ActiveCfg = Release|Any CPU
		{4FADE614-131D-B7F8-E8CA-C3C5E8CD72F6}.Release|Any CPU.Build.0 = Release|Any CPU
		{4FADE614-131D-B7F8-E8CA-C3C5E8CD72F6}.Release|x64.ActiveCfg = Release|Any CPU
		{4FADE614-131D-B7F8-E8CA-C3C5E8CD72F6}.Release|x64.Build.0 = Release|Any CPU
		{4FADE614-131D-B7F8-E8CA-C3C5E8CD72F6}.Release|x86.ActiveCfg = Release|Any CPU
		{4FADE614-131D-B7F8-E8CA-C3C5E8CD72F6}.Release|x86.Build.0 = Release|Any CPU
		{C6222596-853B-4EA2-9D9C-EED42BC061A1}.Debug|Any CPU.ActiveCfg = Debug|Any CPU
		{C6222596-853B-4EA2-9D9C-EED42BC061A1}.Debug|Any CPU.Build.0 = Debug|Any CPU
		{C6222596-853B-4EA2-9D9C-EED42BC061A1}.Debug|x64.ActiveCfg = Debug|Any CPU
		{C6222596-853B-4EA2-9D9C-EED42BC061A1}.Debug|x64.Build.0 = Debug|Any CPU
		{C6222596-853B-4EA2-9D9C-EED42BC061A1}.Debug|x86.ActiveCfg = Debug|Any CPU
		{C6222596-853B-4EA2-9D9C-EED42BC061A1}.Debug|x86.Build.0 = Debug|Any CPU
		{C6222596-853B-4EA2-9D9C-EED42BC061A1}.Release|Any CPU.ActiveCfg = Release|Any CPU
		{C6222596-853B-4EA2-9D9C-EED42BC061A1}.Release|Any CPU.Build.0 = Release|Any CPU
		{C6222596-853B-4EA2-9D9C-EED42BC061A1}.Release|x64.ActiveCfg = Release|Any CPU
		{C6222596-853B-4EA2-9D9C-EED42BC061A1}.Release|x64.Build.0 = Release|Any CPU
		{C6222596-853B-4EA2-9D9C-EED42BC061A1}.Release|x86.ActiveCfg = Release|Any CPU
		{C6222596-853B-4EA2-9D9C-EED42BC061A1}.Release|x86.Build.0 = Release|Any CPU
		{C36C02CC-B119-4C50-AE52-A7F1FC8D3D82}.Debug|Any CPU.ActiveCfg = Debug|Any CPU
		{C36C02CC-B119-4C50-AE52-A7F1FC8D3D82}.Debug|Any CPU.Build.0 = Debug|Any CPU
		{C36C02CC-B119-4C50-AE52-A7F1FC8D3D82}.Debug|x64.ActiveCfg = Debug|Any CPU
		{C36C02CC-B119-4C50-AE52-A7F1FC8D3D82}.Debug|x64.Build.0 = Debug|Any CPU
		{C36C02CC-B119-4C50-AE52-A7F1FC8D3D82}.Debug|x86.ActiveCfg = Debug|Any CPU
		{C36C02CC-B119-4C50-AE52-A7F1FC8D3D82}.Debug|x86.Build.0 = Debug|Any CPU
		{C36C02CC-B119-4C50-AE52-A7F1FC8D3D82}.Release|Any CPU.ActiveCfg = Release|Any CPU
		{C36C02CC-B119-4C50-AE52-A7F1FC8D3D82}.Release|Any CPU.Build.0 = Release|Any CPU
		{C36C02CC-B119-4C50-AE52-A7F1FC8D3D82}.Release|x64.ActiveCfg = Release|Any CPU
		{C36C02CC-B119-4C50-AE52-A7F1FC8D3D82}.Release|x64.Build.0 = Release|Any CPU
		{C36C02CC-B119-4C50-AE52-A7F1FC8D3D82}.Release|x86.ActiveCfg = Release|Any CPU
		{C36C02CC-B119-4C50-AE52-A7F1FC8D3D82}.Release|x86.Build.0 = Release|Any CPU
		{B5E053E8-9676-470A-9D6C-1E0BB5095A02}.Debug|Any CPU.ActiveCfg = Debug|Any CPU
		{B5E053E8-9676-470A-9D6C-1E0BB5095A02}.Debug|Any CPU.Build.0 = Debug|Any CPU
		{B5E053E8-9676-470A-9D6C-1E0BB5095A02}.Debug|x64.ActiveCfg = Debug|Any CPU
		{B5E053E8-9676-470A-9D6C-1E0BB5095A02}.Debug|x64.Build.0 = Debug|Any CPU
		{B5E053E8-9676-470A-9D6C-1E0BB5095A02}.Debug|x86.ActiveCfg = Debug|Any CPU
		{B5E053E8-9676-470A-9D6C-1E0BB5095A02}.Debug|x86.Build.0 = Debug|Any CPU
		{B5E053E8-9676-470A-9D6C-1E0BB5095A02}.Release|Any CPU.ActiveCfg = Release|Any CPU
		{B5E053E8-9676-470A-9D6C-1E0BB5095A02}.Release|Any CPU.Build.0 = Release|Any CPU
		{B5E053E8-9676-470A-9D6C-1E0BB5095A02}.Release|x64.ActiveCfg = Release|Any CPU
		{B5E053E8-9676-470A-9D6C-1E0BB5095A02}.Release|x64.Build.0 = Release|Any CPU
		{B5E053E8-9676-470A-9D6C-1E0BB5095A02}.Release|x86.ActiveCfg = Release|Any CPU
		{B5E053E8-9676-470A-9D6C-1E0BB5095A02}.Release|x86.Build.0 = Release|Any CPU
		{319B9D46-1770-47D7-B82D-DBAE1854A44F}.Debug|Any CPU.ActiveCfg = Debug|Any CPU
		{319B9D46-1770-47D7-B82D-DBAE1854A44F}.Debug|Any CPU.Build.0 = Debug|Any CPU
		{319B9D46-1770-47D7-B82D-DBAE1854A44F}.Debug|x64.ActiveCfg = Debug|Any CPU
		{319B9D46-1770-47D7-B82D-DBAE1854A44F}.Debug|x64.Build.0 = Debug|Any CPU
		{319B9D46-1770-47D7-B82D-DBAE1854A44F}.Debug|x86.ActiveCfg = Debug|Any CPU
		{319B9D46-1770-47D7-B82D-DBAE1854A44F}.Debug|x86.Build.0 = Debug|Any CPU
		{319B9D46-1770-47D7-B82D-DBAE1854A44F}.Release|Any CPU.ActiveCfg = Release|Any CPU
		{319B9D46-1770-47D7-B82D-DBAE1854A44F}.Release|Any CPU.Build.0 = Release|Any CPU
		{319B9D46-1770-47D7-B82D-DBAE1854A44F}.Release|x64.ActiveCfg = Release|Any CPU
		{319B9D46-1770-47D7-B82D-DBAE1854A44F}.Release|x64.Build.0 = Release|Any CPU
		{319B9D46-1770-47D7-B82D-DBAE1854A44F}.Release|x86.ActiveCfg = Release|Any CPU
		{319B9D46-1770-47D7-B82D-DBAE1854A44F}.Release|x86.Build.0 = Release|Any CPU
		{77449860-8426-4ECD-B438-F3583884235F}.Debug|Any CPU.ActiveCfg = Debug|Any CPU
		{77449860-8426-4ECD-B438-F3583884235F}.Debug|Any CPU.Build.0 = Debug|Any CPU
		{77449860-8426-4ECD-B438-F3583884235F}.Debug|x64.ActiveCfg = Debug|Any CPU
		{77449860-8426-4ECD-B438-F3583884235F}.Debug|x64.Build.0 = Debug|Any CPU
		{77449860-8426-4ECD-B438-F3583884235F}.Debug|x86.ActiveCfg = Debug|Any CPU
		{77449860-8426-4ECD-B438-F3583884235F}.Debug|x86.Build.0 = Debug|Any CPU
		{77449860-8426-4ECD-B438-F3583884235F}.Release|Any CPU.ActiveCfg = Release|Any CPU
		{77449860-8426-4ECD-B438-F3583884235F}.Release|Any CPU.Build.0 = Release|Any CPU
		{77449860-8426-4ECD-B438-F3583884235F}.Release|x64.ActiveCfg = Release|Any CPU
		{77449860-8426-4ECD-B438-F3583884235F}.Release|x64.Build.0 = Release|Any CPU
		{77449860-8426-4ECD-B438-F3583884235F}.Release|x86.ActiveCfg = Release|Any CPU
		{77449860-8426-4ECD-B438-F3583884235F}.Release|x86.Build.0 = Release|Any CPU
		{706F3DA5-07B1-46C5-87DF-DDD369D1BD74}.Debug|Any CPU.ActiveCfg = Debug|Any CPU
		{706F3DA5-07B1-46C5-87DF-DDD369D1BD74}.Debug|Any CPU.Build.0 = Debug|Any CPU
		{706F3DA5-07B1-46C5-87DF-DDD369D1BD74}.Debug|x64.ActiveCfg = Debug|Any CPU
		{706F3DA5-07B1-46C5-87DF-DDD369D1BD74}.Debug|x64.Build.0 = Debug|Any CPU
		{706F3DA5-07B1-46C5-87DF-DDD369D1BD74}.Debug|x86.ActiveCfg = Debug|Any CPU
		{706F3DA5-07B1-46C5-87DF-DDD369D1BD74}.Debug|x86.Build.0 = Debug|Any CPU
		{706F3DA5-07B1-46C5-87DF-DDD369D1BD74}.Release|Any CPU.ActiveCfg = Release|Any CPU
		{706F3DA5-07B1-46C5-87DF-DDD369D1BD74}.Release|Any CPU.Build.0 = Release|Any CPU
		{706F3DA5-07B1-46C5-87DF-DDD369D1BD74}.Release|x64.ActiveCfg = Release|Any CPU
		{706F3DA5-07B1-46C5-87DF-DDD369D1BD74}.Release|x64.Build.0 = Release|Any CPU
		{706F3DA5-07B1-46C5-87DF-DDD369D1BD74}.Release|x86.ActiveCfg = Release|Any CPU
		{706F3DA5-07B1-46C5-87DF-DDD369D1BD74}.Release|x86.Build.0 = Release|Any CPU
		{7F687B01-F02F-49F1-BECA-A56E8A5BC9C9}.Debug|Any CPU.ActiveCfg = Debug|Any CPU
		{7F687B01-F02F-49F1-BECA-A56E8A5BC9C9}.Debug|Any CPU.Build.0 = Debug|Any CPU
		{7F687B01-F02F-49F1-BECA-A56E8A5BC9C9}.Debug|x64.ActiveCfg = Debug|Any CPU
		{7F687B01-F02F-49F1-BECA-A56E8A5BC9C9}.Debug|x64.Build.0 = Debug|Any CPU
		{7F687B01-F02F-49F1-BECA-A56E8A5BC9C9}.Debug|x86.ActiveCfg = Debug|Any CPU
		{7F687B01-F02F-49F1-BECA-A56E8A5BC9C9}.Debug|x86.Build.0 = Debug|Any CPU
		{7F687B01-F02F-49F1-BECA-A56E8A5BC9C9}.Release|Any CPU.ActiveCfg = Release|Any CPU
		{7F687B01-F02F-49F1-BECA-A56E8A5BC9C9}.Release|Any CPU.Build.0 = Release|Any CPU
		{7F687B01-F02F-49F1-BECA-A56E8A5BC9C9}.Release|x64.ActiveCfg = Release|Any CPU
		{7F687B01-F02F-49F1-BECA-A56E8A5BC9C9}.Release|x64.Build.0 = Release|Any CPU
		{7F687B01-F02F-49F1-BECA-A56E8A5BC9C9}.Release|x86.ActiveCfg = Release|Any CPU
		{7F687B01-F02F-49F1-BECA-A56E8A5BC9C9}.Release|x86.Build.0 = Release|Any CPU
	EndGlobalSection
	GlobalSection(SolutionProperties) = preSolution
		HideSolutionNode = FALSE
	EndGlobalSection
	GlobalSection(NestedProjects) = preSolution
		{319B9D46-1770-47D7-B82D-DBAE1854A44F} = {D98D8C46-FF85-5DDC-A1CF-E2FF99E466E3}
		{77449860-8426-4ECD-B438-F3583884235F} = {D98D8C46-FF85-5DDC-A1CF-E2FF99E466E3}
		{706F3DA5-07B1-46C5-87DF-DDD369D1BD74} = {D98D8C46-FF85-5DDC-A1CF-E2FF99E466E3}
	EndGlobalSection
	GlobalSection(ExtensibilityGlobals) = postSolution
		SolutionGuid = {971A93C2-C1C2-49D1-AD4C-2A4BA95DDDFE}
	EndGlobalSection
EndGlobal
